// !$*UTF8*$!
{
	archiveVersion = 1;
	classes = {
	};
	objectVersion = 50;
	objects = {

/* Begin PBXBuildFile section */
		0A98022A2381A5B30052732B /* AppDelegate.swift in Sources */ = {isa = PBXBuildFile; fileRef = 0A9802292381A5B30052732B /* AppDelegate.swift */; };
		0A98022C2381A5B30052732B /* SceneDelegate.swift in Sources */ = {isa = PBXBuildFile; fileRef = 0A98022B2381A5B30052732B /* SceneDelegate.swift */; };
		0A98022E2381A5B30052732B /* ContentView.swift in Sources */ = {isa = PBXBuildFile; fileRef = 0A98022D2381A5B30052732B /* ContentView.swift */; };
		0A9802302381A5B80052732B /* Assets.xcassets in Resources */ = {isa = PBXBuildFile; fileRef = 0A98022F2381A5B80052732B /* Assets.xcassets */; };
		0A9802332381A5B80052732B /* Preview Assets.xcassets in Resources */ = {isa = PBXBuildFile; fileRef = 0A9802322381A5B80052732B /* Preview Assets.xcassets */; };
		0A9802362381A5B80052732B /* LaunchScreen.storyboard in Resources */ = {isa = PBXBuildFile; fileRef = 0A9802342381A5B80052732B /* LaunchScreen.storyboard */; };
		0A98023E2381A6130052732B /* Task.swift in Sources */ = {isa = PBXBuildFile; fileRef = 0A98023D2381A6130052732B /* Task.swift */; };
		0A9802412381A6900052732B /* TaskStore.swift in Sources */ = {isa = PBXBuildFile; fileRef = 0A9802402381A6900052732B /* TaskStore.swift */; };
		0A9802432381B0FF0052732B /* NewTaskView.swift in Sources */ = {isa = PBXBuildFile; fileRef = 0A9802422381B0FF0052732B /* NewTaskView.swift */; };
		0A98024623839BF50052732B /* TestView.swift in Sources */ = {isa = PBXBuildFile; fileRef = 0A98024523839BF50052732B /* TestView.swift */; };
		0AB948A0238B8C2500335BFB /* NewestTaskView.swift in Sources */ = {isa = PBXBuildFile; fileRef = 0AB9489F238B8C2500335BFB /* NewestTaskView.swift */; };
		0AB948D2239D7FC900335BFB /* RowView.swift in Sources */ = {isa = PBXBuildFile; fileRef = 0AB948D1239D7FC900335BFB /* RowView.swift */; };
		0AB948D4239D826E00335BFB /* TaskEditingView.swift in Sources */ = {isa = PBXBuildFile; fileRef = 0AB948D3239D826E00335BFB /* TaskEditingView.swift */; };
		0AB948D8239D83B700335BFB /* IndexedCollection.swift in Sources */ = {isa = PBXBuildFile; fileRef = 0AB948D6239D83B700335BFB /* IndexedCollection.swift */; };
		0AB948D9239D83B700335BFB /* ForEach.swift in Sources */ = {isa = PBXBuildFile; fileRef = 0AB948D7239D83B700335BFB /* ForEach.swift */; };
		0AB948DB239D867F00335BFB /* Task.Priority.swift in Sources */ = {isa = PBXBuildFile; fileRef = 0AB948DA239D867F00335BFB /* Task.Priority.swift */; };
		0AB948DD239D86D700335BFB /* TaskStore.PrioritizedTasks.swift in Sources */ = {isa = PBXBuildFile; fileRef = 0AB948DC239D86D700335BFB /* TaskStore.PrioritizedTasks.swift */; };
		0AB948DF239D976500335BFB /* SectionView.swift in Sources */ = {isa = PBXBuildFile; fileRef = 0AB948DE239D976500335BFB /* SectionView.swift */; };
		0AB948E1239D9C5900335BFB /* Binding.swift in Sources */ = {isa = PBXBuildFile; fileRef = 0AB948E0239D9C5900335BFB /* Binding.swift */; };
/* End PBXBuildFile section */

/* Begin PBXFileReference section */
		0A9802262381A5B30052732B /* TaskList.app */ = {isa = PBXFileReference; explicitFileType = wrapper.application; includeInIndex = 0; path = TaskList.app; sourceTree = BUILT_PRODUCTS_DIR; };
		0A9802292381A5B30052732B /* AppDelegate.swift */ = {isa = PBXFileReference; lastKnownFileType = sourcecode.swift; path = AppDelegate.swift; sourceTree = "<group>"; };
		0A98022B2381A5B30052732B /* SceneDelegate.swift */ = {isa = PBXFileReference; lastKnownFileType = sourcecode.swift; path = SceneDelegate.swift; sourceTree = "<group>"; };
		0A98022D2381A5B30052732B /* ContentView.swift */ = {isa = PBXFileReference; lastKnownFileType = sourcecode.swift; path = ContentView.swift; sourceTree = "<group>"; };
		0A98022F2381A5B80052732B /* Assets.xcassets */ = {isa = PBXFileReference; lastKnownFileType = folder.assetcatalog; path = Assets.xcassets; sourceTree = "<group>"; };
		0A9802322381A5B80052732B /* Preview Assets.xcassets */ = {isa = PBXFileReference; lastKnownFileType = folder.assetcatalog; path = "Preview Assets.xcassets"; sourceTree = "<group>"; };
		0A9802352381A5B80052732B /* Base */ = {isa = PBXFileReference; lastKnownFileType = file.storyboard; name = Base; path = Base.lproj/LaunchScreen.storyboard; sourceTree = "<group>"; };
		0A9802372381A5B80052732B /* Info.plist */ = {isa = PBXFileReference; lastKnownFileType = text.plist.xml; path = Info.plist; sourceTree = "<group>"; };
		0A98023D2381A6130052732B /* Task.swift */ = {isa = PBXFileReference; lastKnownFileType = sourcecode.swift; path = Task.swift; sourceTree = "<group>"; };
		0A9802402381A6900052732B /* TaskStore.swift */ = {isa = PBXFileReference; lastKnownFileType = sourcecode.swift; path = TaskStore.swift; sourceTree = "<group>"; };
		0A9802422381B0FF0052732B /* NewTaskView.swift */ = {isa = PBXFileReference; lastKnownFileType = sourcecode.swift; path = NewTaskView.swift; sourceTree = "<group>"; };
		0A98024523839BF50052732B /* TestView.swift */ = {isa = PBXFileReference; lastKnownFileType = sourcecode.swift; path = TestView.swift; sourceTree = "<group>"; };
		0AB9489F238B8C2500335BFB /* NewestTaskView.swift */ = {isa = PBXFileReference; lastKnownFileType = sourcecode.swift; path = NewestTaskView.swift; sourceTree = "<group>"; };
		0AB948D1239D7FC900335BFB /* RowView.swift */ = {isa = PBXFileReference; lastKnownFileType = sourcecode.swift; path = RowView.swift; sourceTree = "<group>"; };
		0AB948D3239D826E00335BFB /* TaskEditingView.swift */ = {isa = PBXFileReference; lastKnownFileType = sourcecode.swift; path = TaskEditingView.swift; sourceTree = "<group>"; };
		0AB948D6239D83B700335BFB /* IndexedCollection.swift */ = {isa = PBXFileReference; fileEncoding = 4; lastKnownFileType = sourcecode.swift; path = IndexedCollection.swift; sourceTree = "<group>"; };
		0AB948D7239D83B700335BFB /* ForEach.swift */ = {isa = PBXFileReference; fileEncoding = 4; lastKnownFileType = sourcecode.swift; path = ForEach.swift; sourceTree = "<group>"; };
		0AB948DA239D867F00335BFB /* Task.Priority.swift */ = {isa = PBXFileReference; lastKnownFileType = sourcecode.swift; path = Task.Priority.swift; sourceTree = "<group>"; };
		0AB948DC239D86D700335BFB /* TaskStore.PrioritizedTasks.swift */ = {isa = PBXFileReference; lastKnownFileType = sourcecode.swift; path = TaskStore.PrioritizedTasks.swift; sourceTree = "<group>"; };
		0AB948DE239D976500335BFB /* SectionView.swift */ = {isa = PBXFileReference; lastKnownFileType = sourcecode.swift; path = SectionView.swift; sourceTree = "<group>"; };
		0AB948E0239D9C5900335BFB /* Binding.swift */ = {isa = PBXFileReference; fileEncoding = 4; lastKnownFileType = sourcecode.swift; path = Binding.swift; sourceTree = "<group>"; };
/* End PBXFileReference section */

/* Begin PBXFrameworksBuildPhase section */
		0A9802232381A5B30052732B /* Frameworks */ = {
			isa = PBXFrameworksBuildPhase;
			buildActionMask = 2147483647;
			files = (
			);
			runOnlyForDeploymentPostprocessing = 0;
		};
/* End PBXFrameworksBuildPhase section */

/* Begin PBXGroup section */
		0A98021D2381A5B30052732B = {
			isa = PBXGroup;
			children = (
				0AB948D5239D83B700335BFB /* extension */,
				0A9802282381A5B30052732B /* TaskList */,
				0A9802272381A5B30052732B /* Products */,
			);
			sourceTree = "<group>";
		};
		0A9802272381A5B30052732B /* Products */ = {
			isa = PBXGroup;
			children = (
				0A9802262381A5B30052732B /* TaskList.app */,
			);
			name = Products;
			sourceTree = "<group>";
		};
		0A9802282381A5B30052732B /* TaskList */ = {
			isa = PBXGroup;
			children = (
				0A9802292381A5B30052732B /* AppDelegate.swift */,
				0A98022B2381A5B30052732B /* SceneDelegate.swift */,
				0A98023F2381A61B0052732B /* Models */,
				0A9802442381B1110052732B /* Views */,
				0A98022F2381A5B80052732B /* Assets.xcassets */,
				0A9802342381A5B80052732B /* LaunchScreen.storyboard */,
				0A9802372381A5B80052732B /* Info.plist */,
				0A9802312381A5B80052732B /* Preview Content */,
			);
			path = TaskList;
			sourceTree = "<group>";
		};
		0A9802312381A5B80052732B /* Preview Content */ = {
			isa = PBXGroup;
			children = (
				0A9802322381A5B80052732B /* Preview Assets.xcassets */,
			);
			path = "Preview Content";
			sourceTree = "<group>";
		};
		0A98023F2381A61B0052732B /* Models */ = {
			isa = PBXGroup;
			children = (
				0A98023D2381A6130052732B /* Task.swift */,
				0A9802402381A6900052732B /* TaskStore.swift */,
				0AB948DC239D86D700335BFB /* TaskStore.PrioritizedTasks.swift */,
				0AB948DA239D867F00335BFB /* Task.Priority.swift */,
			);
			path = Models;
			sourceTree = "<group>";
		};
		0A9802442381B1110052732B /* Views */ = {
			isa = PBXGroup;
			children = (
				0A9802422381B0FF0052732B /* NewTaskView.swift */,
				0A98022D2381A5B30052732B /* ContentView.swift */,
				0A98024523839BF50052732B /* TestView.swift */,
				0AB9489F238B8C2500335BFB /* NewestTaskView.swift */,
				0AB948D1239D7FC900335BFB /* RowView.swift */,
				0AB948D3239D826E00335BFB /* TaskEditingView.swift */,
				0AB948DE239D976500335BFB /* SectionView.swift */,
			);
			path = Views;
			sourceTree = "<group>";
		};
		0AB948D5239D83B700335BFB /* extension */ = {
			isa = PBXGroup;
			children = (
				0AB948D6239D83B700335BFB /* IndexedCollection.swift */,
				0AB948D7239D83B700335BFB /* ForEach.swift */,
				0AB948E0239D9C5900335BFB /* Binding.swift */,
			);
			path = extension;
			sourceTree = "<group>";
		};
/* End PBXGroup section */

/* Begin PBXNativeTarget section */
		0A9802252381A5B30052732B /* TaskList */ = {
			isa = PBXNativeTarget;
			buildConfigurationList = 0A98023A2381A5B80052732B /* Build configuration list for PBXNativeTarget "TaskList" */;
			buildPhases = (
				0A9802222381A5B30052732B /* Sources */,
				0A9802232381A5B30052732B /* Frameworks */,
				0A9802242381A5B30052732B /* Resources */,
			);
			buildRules = (
			);
			dependencies = (
			);
			name = TaskList;
			productName = TaskList;
			productReference = 0A9802262381A5B30052732B /* TaskList.app */;
			productType = "com.apple.product-type.application";
		};
/* End PBXNativeTarget section */

/* Begin PBXProject section */
		0A98021E2381A5B30052732B /* Project object */ = {
			isa = PBXProject;
			attributes = {
				LastSwiftUpdateCheck = 1120;
				LastUpgradeCheck = 1120;
				ORGANIZATIONNAME = "Tomas Leriche";
				TargetAttributes = {
					0A9802252381A5B30052732B = {
						CreatedOnToolsVersion = 11.2.1;
					};
				};
			};
			buildConfigurationList = 0A9802212381A5B30052732B /* Build configuration list for PBXProject "TaskList" */;
			compatibilityVersion = "Xcode 9.3";
			developmentRegion = en;
			hasScannedForEncodings = 0;
			knownRegions = (
				en,
				Base,
			);
			mainGroup = 0A98021D2381A5B30052732B;
			productRefGroup = 0A9802272381A5B30052732B /* Products */;
			projectDirPath = "";
			projectRoot = "";
			targets = (
				0A9802252381A5B30052732B /* TaskList */,
			);
		};
/* End PBXProject section */

/* Begin PBXResourcesBuildPhase section */
		0A9802242381A5B30052732B /* Resources */ = {
			isa = PBXResourcesBuildPhase;
			buildActionMask = 2147483647;
			files = (
				0A9802362381A5B80052732B /* LaunchScreen.storyboard in Resources */,
				0A9802332381A5B80052732B /* Preview Assets.xcassets in Resources */,
				0A9802302381A5B80052732B /* Assets.xcassets in Resources */,
			);
			runOnlyForDeploymentPostprocessing = 0;
		};
/* End PBXResourcesBuildPhase section */

/* Begin PBXSourcesBuildPhase section */
		0A9802222381A5B30052732B /* Sources */ = {
			isa = PBXSourcesBuildPhase;
			buildActionMask = 2147483647;
			files = (
				0AB948D9239D83B700335BFB /* ForEach.swift in Sources */,
				0A98024623839BF50052732B /* TestView.swift in Sources */,
				0AB948DF239D976500335BFB /* SectionView.swift in Sources */,
				0AB948E1239D9C5900335BFB /* Binding.swift in Sources */,
				0A9802412381A6900052732B /* TaskStore.swift in Sources */,
				0A98023E2381A6130052732B /* Task.swift in Sources */,
				0AB948DD239D86D700335BFB /* TaskStore.PrioritizedTasks.swift in Sources */,
				0AB948A0238B8C2500335BFB /* NewestTaskView.swift in Sources */,
				0AB948DB239D867F00335BFB /* Task.Priority.swift in Sources */,
				0AB948D2239D7FC900335BFB /* RowView.swift in Sources */,
				0AB948D8239D83B700335BFB /* IndexedCollection.swift in Sources */,
				0A9802432381B0FF0052732B /* NewTaskView.swift in Sources */,
				0A98022A2381A5B30052732B /* AppDelegate.swift in Sources */,
				0A98022C2381A5B30052732B /* SceneDelegate.swift in Sources */,
				0AB948D4239D826E00335BFB /* TaskEditingView.swift in Sources */,
				0A98022E2381A5B30052732B /* ContentView.swift in Sources */,
			);
			runOnlyForDeploymentPostprocessing = 0;
		};
/* End PBXSourcesBuildPhase section */

/* Begin PBXVariantGroup section */
		0A9802342381A5B80052732B /* LaunchScreen.storyboard */ = {
			isa = PBXVariantGroup;
			children = (
				0A9802352381A5B80052732B /* Base */,
			);
			name = LaunchScreen.storyboard;
			sourceTree = "<group>";
		};
/* End PBXVariantGroup section */

/* Begin XCBuildConfiguration section */
		0A9802382381A5B80052732B /* Debug */ = {
			isa = XCBuildConfiguration;
			buildSettings = {
				ALWAYS_SEARCH_USER_PATHS = NO;
				CLANG_ANALYZER_NONNULL = YES;
				CLANG_ANALYZER_NUMBER_OBJECT_CONVERSION = YES_AGGRESSIVE;
				CLANG_CXX_LANGUAGE_STANDARD = "gnu++14";
				CLANG_CXX_LIBRARY = "libc++";
				CLANG_ENABLE_MODULES = YES;
				CLANG_ENABLE_OBJC_ARC = YES;
				CLANG_ENABLE_OBJC_WEAK = YES;
				CLANG_WARN_BLOCK_CAPTURE_AUTORELEASING = YES;
				CLANG_WARN_BOOL_CONVERSION = YES;
				CLANG_WARN_COMMA = YES;
				CLANG_WARN_CONSTANT_CONVERSION = YES;
				CLANG_WARN_DEPRECATED_OBJC_IMPLEMENTATIONS = YES;
				CLANG_WARN_DIRECT_OBJC_ISA_USAGE = YES_ERROR;
				CLANG_WARN_DOCUMENTATION_COMMENTS = YES;
				CLANG_WARN_EMPTY_BODY = YES;
				CLANG_WARN_ENUM_CONVERSION = YES;
				CLANG_WARN_INFINITE_RECURSION = YES;
				CLANG_WARN_INT_CONVERSION = YES;
				CLANG_WARN_NON_LITERAL_NULL_CONVERSION = YES;
				CLANG_WARN_OBJC_IMPLICIT_RETAIN_SELF = YES;
				CLANG_WARN_OBJC_LITERAL_CONVERSION = YES;
				CLANG_WARN_OBJC_ROOT_CLASS = YES_ERROR;
				CLANG_WARN_RANGE_LOOP_ANALYSIS = YES;
				CLANG_WARN_STRICT_PROTOTYPES = YES;
				CLANG_WARN_SUSPICIOUS_MOVE = YES;
				CLANG_WARN_UNGUARDED_AVAILABILITY = YES_AGGRESSIVE;
				CLANG_WARN_UNREACHABLE_CODE = YES;
				CLANG_WARN__DUPLICATE_METHOD_MATCH = YES;
				COPY_PHASE_STRIP = NO;
				DEBUG_INFORMATION_FORMAT = dwarf;
				ENABLE_STRICT_OBJC_MSGSEND = YES;
				ENABLE_TESTABILITY = YES;
				GCC_C_LANGUAGE_STANDARD = gnu11;
				GCC_DYNAMIC_NO_PIC = NO;
				GCC_NO_COMMON_BLOCKS = YES;
				GCC_OPTIMIZATION_LEVEL = 0;
				GCC_PREPROCESSOR_DEFINITIONS = (
					"DEBUG=1",
					"$(inherited)",
				);
				GCC_WARN_64_TO_32_BIT_CONVERSION = YES;
				GCC_WARN_ABOUT_RETURN_TYPE = YES_ERROR;
				GCC_WARN_UNDECLARED_SELECTOR = YES;
				GCC_WARN_UNINITIALIZED_AUTOS = YES_AGGRESSIVE;
				GCC_WARN_UNUSED_FUNCTION = YES;
				GCC_WARN_UNUSED_VARIABLE = YES;
				IPHONEOS_DEPLOYMENT_TARGET = 13.2;
				MTL_ENABLE_DEBUG_INFO = INCLUDE_SOURCE;
				MTL_FAST_MATH = YES;
				ONLY_ACTIVE_ARCH = YES;
				SDKROOT = iphoneos;
				SWIFT_ACTIVE_COMPILATION_CONDITIONS = DEBUG;
				SWIFT_OPTIMIZATION_LEVEL = "-Onone";
			};
			name = Debug;
		};
		0A9802392381A5B80052732B /* Release */ = {
			isa = XCBuildConfiguration;
			buildSettings = {
				ALWAYS_SEARCH_USER_PATHS = NO;
				CLANG_ANALYZER_NONNULL = YES;
				CLANG_ANALYZER_NUMBER_OBJECT_CONVERSION = YES_AGGRESSIVE;
				CLANG_CXX_LANGUAGE_STANDARD = "gnu++14";
				CLANG_CXX_LIBRARY = "libc++";
				CLANG_ENABLE_MODULES = YES;
				CLANG_ENABLE_OBJC_ARC = YES;
				CLANG_ENABLE_OBJC_WEAK = YES;
				CLANG_WARN_BLOCK_CAPTURE_AUTORELEASING = YES;
				CLANG_WARN_BOOL_CONVERSION = YES;
				CLANG_WARN_COMMA = YES;
				CLANG_WARN_CONSTANT_CONVERSION = YES;
				CLANG_WARN_DEPRECATED_OBJC_IMPLEMENTATIONS = YES;
				CLANG_WARN_DIRECT_OBJC_ISA_USAGE = YES_ERROR;
				CLANG_WARN_DOCUMENTATION_COMMENTS = YES;
				CLANG_WARN_EMPTY_BODY = YES;
				CLANG_WARN_ENUM_CONVERSION = YES;
				CLANG_WARN_INFINITE_RECURSION = YES;
				CLANG_WARN_INT_CONVERSION = YES;
				CLANG_WARN_NON_LITERAL_NULL_CONVERSION = YES;
				CLANG_WARN_OBJC_IMPLICIT_RETAIN_SELF = YES;
				CLANG_WARN_OBJC_LITERAL_CONVERSION = YES;
				CLANG_WARN_OBJC_ROOT_CLASS = YES_ERROR;
				CLANG_WARN_RANGE_LOOP_ANALYSIS = YES;
				CLANG_WARN_STRICT_PROTOTYPES = YES;
				CLANG_WARN_SUSPICIOUS_MOVE = YES;
				CLANG_WARN_UNGUARDED_AVAILABILITY = YES_AGGRESSIVE;
				CLANG_WARN_UNREACHABLE_CODE = YES;
				CLANG_WARN__DUPLICATE_METHOD_MATCH = YES;
				COPY_PHASE_STRIP = NO;
				DEBUG_INFORMATION_FORMAT = "dwarf-with-dsym";
				ENABLE_NS_ASSERTIONS = NO;
				ENABLE_STRICT_OBJC_MSGSEND = YES;
				GCC_C_LANGUAGE_STANDARD = gnu11;
				GCC_NO_COMMON_BLOCKS = YES;
				GCC_WARN_64_TO_32_BIT_CONVERSION = YES;
				GCC_WARN_ABOUT_RETURN_TYPE = YES_ERROR;
				GCC_WARN_UNDECLARED_SELECTOR = YES;
				GCC_WARN_UNINITIALIZED_AUTOS = YES_AGGRESSIVE;
				GCC_WARN_UNUSED_FUNCTION = YES;
				GCC_WARN_UNUSED_VARIABLE = YES;
				IPHONEOS_DEPLOYMENT_TARGET = 13.2;
				MTL_ENABLE_DEBUG_INFO = NO;
				MTL_FAST_MATH = YES;
				SDKROOT = iphoneos;
				SWIFT_COMPILATION_MODE = wholemodule;
				SWIFT_OPTIMIZATION_LEVEL = "-O";
				VALIDATE_PRODUCT = YES;
			};
			name = Release;
		};
		0A98023B2381A5B80052732B /* Debug */ = {
			isa = XCBuildConfiguration;
			buildSettings = {
				ASSETCATALOG_COMPILER_APPICON_NAME = AppIcon;
				CODE_SIGN_STYLE = Automatic;
				DEVELOPMENT_ASSET_PATHS = "\"TaskList/Preview Content\"";
				DEVELOPMENT_TEAM = 7U36BK4DZL;
				ENABLE_PREVIEWS = YES;
				INFOPLIST_FILE = TaskList/Info.plist;
				IPHONEOS_DEPLOYMENT_TARGET = 13.1;
				LD_RUNPATH_SEARCH_PATHS = (
					"$(inherited)",
					"@executable_path/Frameworks",
				);
				PRODUCT_BUNDLE_IDENTIFIER = com.TomasLeriche.TaskList;
				PRODUCT_NAME = "$(TARGET_NAME)";
				SWIFT_VERSION = 5.0;
				TARGETED_DEVICE_FAMILY = "1,2";
			};
			name = Debug;
		};
		0A98023C2381A5B80052732B /* Release */ = {
			isa = XCBuildConfiguration;
			buildSettings = {
				ASSETCATALOG_COMPILER_APPICON_NAME = AppIcon;
				CODE_SIGN_STYLE = Automatic;
				DEVELOPMENT_ASSET_PATHS = "\"TaskList/Preview Content\"";
				DEVELOPMENT_TEAM = 7U36BK4DZL;
				ENABLE_PREVIEWS = YES;
				INFOPLIST_FILE = TaskList/Info.plist;
				IPHONEOS_DEPLOYMENT_TARGET = 13.1;
				LD_RUNPATH_SEARCH_PATHS = (
					"$(inherited)",
					"@executable_path/Frameworks",
				);
				PRODUCT_BUNDLE_IDENTIFIER = com.TomasLeriche.TaskList;
				PRODUCT_NAME = "$(TARGET_NAME)";
				SWIFT_VERSION = 5.0;
				TARGETED_DEVICE_FAMILY = "1,2";
			};
			name = Release;
		};
/* End XCBuildConfiguration section */

/* Begin XCConfigurationList section */
		0A9802212381A5B30052732B /* Build configuration list for PBXProject "TaskList" */ = {
			isa = XCConfigurationList;
			buildConfigurations = (
				0A9802382381A5B80052732B /* Debug */,
				0A9802392381A5B80052732B /* Release */,
			);
			defaultConfigurationIsVisible = 0;
			defaultConfigurationName = Release;
		};
		0A98023A2381A5B80052732B /* Build configuration list for PBXNativeTarget "TaskList" */ = {
			isa = XCConfigurationList;
			buildConfigurations = (
				0A98023B2381A5B80052732B /* Debug */,
				0A98023C2381A5B80052732B /* Release */,
			);
			defaultConfigurationIsVisible = 0;
			defaultConfigurationName = Release;
		};
/* End XCConfigurationList section */
	};
	rootObject = 0A98021E2381A5B30052732B /* Project object */;
}
